
Microsoft Visual Studio Solution File, Format Version 12.00
# Visual Studio Version 16
VisualStudioVersion = 16.0.32901.82
MinimumVisualStudioVersion = 10.0.40219.1
Project("{FAE04EC0-301F-11D3-BF4B-00C04F79EFBC}") = "Scuffed ZORK", "Scuffed ZORK.csproj", "{408F600C-C337-4B27-BB95-78B0F96052BC}"
EndProject
Global
	GlobalSection(SolutionConfigurationPlatforms) = preSolution
		Debug|Any CPU = Debug|Any CPU
		Release|Any CPU = Release|Any CPU
	EndGlobalSection
	GlobalSection(ProjectConfigurationPlatforms) = postSolution
		{408F600C-C337-4B27-BB95-78B0F96052BC}.Debug|Any CPU.ActiveCfg = Debug|Any CPU
		{408F600C-C337-4B27-BB95-78B0F96052BC}.Debug|Any CPU.Build.0 = Debug|Any CPU
		{408F600C-C337-4B27-BB95-78B0F96052BC}.Release|Any CPU.ActiveCfg = Release|Any CPU
		{408F600C-C337-4B27-BB95-78B0F96052BC}.Release|Any CPU.Build.0 = Release|Any CPU
	EndGlobalSection
	GlobalSection(SolutionProperties) = preSolution
		HideSolutionNode = FALSE
	EndGlobalSection
	GlobalSection(ExtensibilityGlobals) = postSolution
		SolutionGuid = {25C06500-CE38-4224-A27F-9D0E95AB4E59}
	EndGlobalSection
EndGlobal
